
Microsoft Visual Studio Solution File, Format Version 12.00
# Visual Studio 2012
Project("{FAE04EC0-301F-11D3-BF4B-00C04F79EFBC}") = "PowerBI.Api.Client", "src\PowerBI.Api.Client\PowerBI.Api.Client.csproj", "{1D1D9270-F4EE-48F5-96C8-7326C9F95DA0}"
EndProject
Project("{2150E333-8FDC-42A3-9474-1A3956D46DE8}") = "Samples", "Samples", "{61ADBA1B-2FEE-45DD-9D03-E136F04E4A25}"
EndProject
Project("{FAE04EC0-301F-11D3-BF4B-00C04F79EFBC}") = "ClassicClient", "src\ClassicClient\ClassicClient.csproj", "{22BE40D2-8308-45DC-8B53-D47D5D43A892}"
EndProject
Project("{FAE04EC0-301F-11D3-BF4B-00C04F79EFBC}") = "XamarinClient", "src\XamarinClient\XamarinClient.csproj", "{82AEB206-80B8-48C1-B358-C01A7E8BB365}"
EndProject
Project("{FAE04EC0-301F-11D3-BF4B-00C04F79EFBC}") = "XamarinClient.iOS", "src\XamarinClient.iOS\XamarinClient.iOS.csproj", "{80C5A869-75D2-440B-A891-DF9DEBDD2FB4}"
EndProject
Project("{FAE04EC0-301F-11D3-BF4B-00C04F79EFBC}") = "PowerBI.Api.Client.PCL", "src\PowerBI.Api.Client.PCL\PowerBI.Api.Client.PCL.csproj", "{6C79BBA8-E5AF-4058-B046-6E165CD6A14C}"
EndProject
Global
	GlobalSection(SolutionConfigurationPlatforms) = preSolution
		Debug|Any CPU = Debug|Any CPU
		Release|Any CPU = Release|Any CPU
		Debug|iPhoneSimulator = Debug|iPhoneSimulator
		Release|iPhoneSimulator = Release|iPhoneSimulator
		Debug|iPhone = Debug|iPhone
		Release|iPhone = Release|iPhone
		Ad-Hoc|iPhone = Ad-Hoc|iPhone
		AppStore|iPhone = AppStore|iPhone
	EndGlobalSection
	GlobalSection(ProjectConfigurationPlatforms) = postSolution
		{1D1D9270-F4EE-48F5-96C8-7326C9F95DA0}.Ad-Hoc|iPhone.ActiveCfg = Debug|Any CPU
		{1D1D9270-F4EE-48F5-96C8-7326C9F95DA0}.Ad-Hoc|iPhone.Build.0 = Debug|Any CPU
		{1D1D9270-F4EE-48F5-96C8-7326C9F95DA0}.AppStore|iPhone.ActiveCfg = Debug|Any CPU
		{1D1D9270-F4EE-48F5-96C8-7326C9F95DA0}.AppStore|iPhone.Build.0 = Debug|Any CPU
		{1D1D9270-F4EE-48F5-96C8-7326C9F95DA0}.Debug|Any CPU.ActiveCfg = Debug|Any CPU
		{1D1D9270-F4EE-48F5-96C8-7326C9F95DA0}.Debug|Any CPU.Build.0 = Debug|Any CPU
		{1D1D9270-F4EE-48F5-96C8-7326C9F95DA0}.Debug|iPhone.ActiveCfg = Debug|Any CPU
		{1D1D9270-F4EE-48F5-96C8-7326C9F95DA0}.Debug|iPhone.Build.0 = Debug|Any CPU
		{1D1D9270-F4EE-48F5-96C8-7326C9F95DA0}.Debug|iPhoneSimulator.ActiveCfg = Debug|Any CPU
		{1D1D9270-F4EE-48F5-96C8-7326C9F95DA0}.Debug|iPhoneSimulator.Build.0 = Debug|Any CPU
		{1D1D9270-F4EE-48F5-96C8-7326C9F95DA0}.Release|Any CPU.ActiveCfg = Release|Any CPU
		{1D1D9270-F4EE-48F5-96C8-7326C9F95DA0}.Release|Any CPU.Build.0 = Release|Any CPU
		{1D1D9270-F4EE-48F5-96C8-7326C9F95DA0}.Release|iPhone.ActiveCfg = Release|Any CPU
		{1D1D9270-F4EE-48F5-96C8-7326C9F95DA0}.Release|iPhone.Build.0 = Release|Any CPU
		{1D1D9270-F4EE-48F5-96C8-7326C9F95DA0}.Release|iPhoneSimulator.ActiveCfg = Release|Any CPU
		{1D1D9270-F4EE-48F5-96C8-7326C9F95DA0}.Release|iPhoneSimulator.Build.0 = Release|Any CPU
		{22BE40D2-8308-45DC-8B53-D47D5D43A892}.Ad-Hoc|iPhone.ActiveCfg = Debug|Any CPU
		{22BE40D2-8308-45DC-8B53-D47D5D43A892}.Ad-Hoc|iPhone.Build.0 = Debug|Any CPU
		{22BE40D2-8308-45DC-8B53-D47D5D43A892}.AppStore|iPhone.ActiveCfg = Debug|Any CPU
		{22BE40D2-8308-45DC-8B53-D47D5D43A892}.AppStore|iPhone.Build.0 = Debug|Any CPU
		{22BE40D2-8308-45DC-8B53-D47D5D43A892}.Debug|Any CPU.ActiveCfg = Debug|Any CPU
		{22BE40D2-8308-45DC-8B53-D47D5D43A892}.Debug|Any CPU.Build.0 = Debug|Any CPU
		{22BE40D2-8308-45DC-8B53-D47D5D43A892}.Debug|iPhone.ActiveCfg = Debug|Any CPU
		{22BE40D2-8308-45DC-8B53-D47D5D43A892}.Debug|iPhone.Build.0 = Debug|Any CPU
		{22BE40D2-8308-45DC-8B53-D47D5D43A892}.Debug|iPhoneSimulator.ActiveCfg = Debug|Any CPU
		{22BE40D2-8308-45DC-8B53-D47D5D43A892}.Debug|iPhoneSimulator.Build.0 = Debug|Any CPU
		{22BE40D2-8308-45DC-8B53-D47D5D43A892}.Release|Any CPU.ActiveCfg = Release|Any CPU
		{22BE40D2-8308-45DC-8B53-D47D5D43A892}.Release|Any CPU.Build.0 = Release|Any CPU
		{22BE40D2-8308-45DC-8B53-D47D5D43A892}.Release|iPhone.ActiveCfg = Release|Any CPU
		{22BE40D2-8308-45DC-8B53-D47D5D43A892}.Release|iPhone.Build.0 = Release|Any CPU
		{22BE40D2-8308-45DC-8B53-D47D5D43A892}.Release|iPhoneSimulator.ActiveCfg = Release|Any CPU
		{22BE40D2-8308-45DC-8B53-D47D5D43A892}.Release|iPhoneSimulator.Build.0 = Release|Any CPU
		{6C79BBA8-E5AF-4058-B046-6E165CD6A14C}.Ad-Hoc|iPhone.ActiveCfg = Debug|Any CPU
		{6C79BBA8-E5AF-4058-B046-6E165CD6A14C}.Ad-Hoc|iPhone.Build.0 = Debug|Any CPU
		{6C79BBA8-E5AF-4058-B046-6E165CD6A14C}.AppStore|iPhone.ActiveCfg = Debug|Any CPU
		{6C79BBA8-E5AF-4058-B046-6E165CD6A14C}.AppStore|iPhone.Build.0 = Debug|Any CPU
		{6C79BBA8-E5AF-4058-B046-6E165CD6A14C}.Debug|Any CPU.ActiveCfg = Debug|Any CPU
		{6C79BBA8-E5AF-4058-B046-6E165CD6A14C}.Debug|Any CPU.Build.0 = Debug|Any CPU
		{6C79BBA8-E5AF-4058-B046-6E165CD6A14C}.Debug|iPhone.ActiveCfg = Debug|Any CPU
		{6C79BBA8-E5AF-4058-B046-6E165CD6A14C}.Debug|iPhone.Build.0 = Debug|Any CPU
		{6C79BBA8-E5AF-4058-B046-6E165CD6A14C}.Debug|iPhoneSimulator.ActiveCfg = Debug|Any CPU
		{6C79BBA8-E5AF-4058-B046-6E165CD6A14C}.Debug|iPhoneSimulator.Build.0 = Debug|Any CPU
		{6C79BBA8-E5AF-4058-B046-6E165CD6A14C}.Release|Any CPU.ActiveCfg = Release|Any CPU
		{6C79BBA8-E5AF-4058-B046-6E165CD6A14C}.Release|Any CPU.Build.0 = Release|Any CPU
		{6C79BBA8-E5AF-4058-B046-6E165CD6A14C}.Release|iPhone.ActiveCfg = Release|Any CPU
		{6C79BBA8-E5AF-4058-B046-6E165CD6A14C}.Release|iPhone.Build.0 = Release|Any CPU
		{6C79BBA8-E5AF-4058-B046-6E165CD6A14C}.Release|iPhoneSimulator.ActiveCfg = Release|Any CPU
		{6C79BBA8-E5AF-4058-B046-6E165CD6A14C}.Release|iPhoneSimulator.Build.0 = Release|Any CPU
		{80C5A869-75D2-440B-A891-DF9DEBDD2FB4}.Ad-Hoc|iPhone.ActiveCfg = Ad-Hoc|iPhone
		{80C5A869-75D2-440B-A891-DF9DEBDD2FB4}.Ad-Hoc|iPhone.Build.0 = Ad-Hoc|iPhone
		{80C5A869-75D2-440B-A891-DF9DEBDD2FB4}.AppStore|iPhone.ActiveCfg = AppStore|iPhone
		{80C5A869-75D2-440B-A891-DF9DEBDD2FB4}.AppStore|iPhone.Build.0 = AppStore|iPhone
		{80C5A869-75D2-440B-A891-DF9DEBDD2FB4}.Debug|Any CPU.ActiveCfg = Debug|iPhoneSimulator
		{80C5A869-75D2-440B-A891-DF9DEBDD2FB4}.Debug|Any CPU.Build.0 = Debug|iPhoneSimulator
		{80C5A869-75D2-440B-A891-DF9DEBDD2FB4}.Debug|iPhone.ActiveCfg = Debug|iPhone
		{80C5A869-75D2-440B-A891-DF9DEBDD2FB4}.Debug|iPhone.Build.0 = Debug|iPhone
		{80C5A869-75D2-440B-A891-DF9DEBDD2FB4}.Debug|iPhoneSimulator.ActiveCfg = Debug|iPhoneSimulator
		{80C5A869-75D2-440B-A891-DF9DEBDD2FB4}.Debug|iPhoneSimulator.Build.0 = Debug|iPhoneSimulator
		{80C5A869-75D2-440B-A891-DF9DEBDD2FB4}.Release|Any CPU.ActiveCfg = Release|iPhoneSimulator
		{80C5A869-75D2-440B-A891-DF9DEBDD2FB4}.Release|Any CPU.Build.0 = Release|iPhoneSimulator
		{80C5A869-75D2-440B-A891-DF9DEBDD2FB4}.Release|iPhone.ActiveCfg = Release|iPhone
		{80C5A869-75D2-440B-A891-DF9DEBDD2FB4}.Release|iPhone.Build.0 = Release|iPhone
		{80C5A869-75D2-440B-A891-DF9DEBDD2FB4}.Release|iPhoneSimulator.ActiveCfg = Release|iPhoneSimulator
		{80C5A869-75D2-440B-A891-DF9DEBDD2FB4}.Release|iPhoneSimulator.Build.0 = Release|iPhoneSimulator
		{82AEB206-80B8-48C1-B358-C01A7E8BB365}.Ad-Hoc|iPhone.ActiveCfg = Debug|Any CPU
		{82AEB206-80B8-48C1-B358-C01A7E8BB365}.Ad-Hoc|iPhone.Build.0 = Debug|Any CPU
		{82AEB206-80B8-48C1-B358-C01A7E8BB365}.AppStore|iPhone.ActiveCfg = Debug|Any CPU
		{82AEB206-80B8-48C1-B358-C01A7E8BB365}.AppStore|iPhone.Build.0 = Debug|Any CPU
		{82AEB206-80B8-48C1-B358-C01A7E8BB365}.Debug|Any CPU.ActiveCfg = Debug|Any CPU
		{82AEB206-80B8-48C1-B358-C01A7E8BB365}.Debug|Any CPU.Build.0 = Debug|Any CPU
		{82AEB206-80B8-48C1-B358-C01A7E8BB365}.Debug|iPhone.ActiveCfg = Debug|Any CPU
		{82AEB206-80B8-48C1-B358-C01A7E8BB365}.Debug|iPhone.Build.0 = Debug|Any CPU
		{82AEB206-80B8-48C1-B358-C01A7E8BB365}.Debug|iPhoneSimulator.ActiveCfg = Debug|Any CPU
		{82AEB206-80B8-48C1-B358-C01A7E8BB365}.Debug|iPhoneSimulator.Build.0 = Debug|Any CPU
		{82AEB206-80B8-48C1-B358-C01A7E8BB365}.Release|Any CPU.ActiveCfg = Release|Any CPU
		{82AEB206-80B8-48C1-B358-C01A7E8BB365}.Release|Any CPU.Build.0 = Release|Any CPU
		{82AEB206-80B8-48C1-B358-C01A7E8BB365}.Release|iPhone.ActiveCfg = Release|Any CPU
		{82AEB206-80B8-48C1-B358-C01A7E8BB365}.Release|iPhone.Build.0 = Release|Any CPU
		{82AEB206-80B8-48C1-B358-C01A7E8BB365}.Release|iPhoneSimulator.ActiveCfg = Release|Any CPU
		{82AEB206-80B8-48C1-B358-C01A7E8BB365}.Release|iPhoneSimulator.Build.0 = Release|Any CPU
	EndGlobalSection
	GlobalSection(NestedProjects) = preSolution
		{22BE40D2-8308-45DC-8B53-D47D5D43A892} = {61ADBA1B-2FEE-45DD-9D03-E136F04E4A25}
		{82AEB206-80B8-48C1-B358-C01A7E8BB365} = {61ADBA1B-2FEE-45DD-9D03-E136F04E4A25}
		{80C5A869-75D2-440B-A891-DF9DEBDD2FB4} = {61ADBA1B-2FEE-45DD-9D03-E136F04E4A25}
	EndGlobalSection
EndGlobal
